
Microsoft Visual Studio Solution File, Format Version 12.00
# Visual Studio 15
VisualStudioVersion = 15.0.28307.329
MinimumVisualStudioVersion = 10.0.40219.1
Project("{FAE04EC0-301F-11D3-BF4B-00C04F79EFBC}") = "D1_myFirstConsoleApp", "D1_myFirstConsoleApp\D1_myFirstConsoleApp.csproj", "{42F7546E-5C1A-49A0-B971-F4E0ACC063AB}"
EndProject
Project("{FAE04EC0-301F-11D3-BF4B-00C04F79EFBC}") = "D1_Uzdevumi", "D1_Uzdevumi\D1_Uzdevumi.csproj", "{6ABBBE07-CB3A-41C0-BE13-830862B5087B}"
EndProject
Project("{FAE04EC0-301F-11D3-BF4B-00C04F79EFBC}") = "D1_Uzdevums5", "D1_Uzdevums5\D1_Uzdevums5.csproj", "{281FAC80-ED1D-4BB5-A6D7-EA8EDE89108E}"
EndProject
Project("{FAE04EC0-301F-11D3-BF4B-00C04F79EFBC}") = "D1_UzdevumsX", "D1_UzdevumsX\D1_UzdevumsX.csproj", "{68AC4023-25C2-4025-96AD-0870BBAF5C09}"
EndProject
Project("{FAE04EC0-301F-11D3-BF4B-00C04F79EFBC}") = "MD1_U1", "MD1_U1\MD1_U1.csproj", "{2E7169FB-6AAA-4E9D-A48F-272CEDEAE138}"
EndProject
Project("{FAE04EC0-301F-11D3-BF4B-00C04F79EFBC}") = "MD1_U2", "MD1_U2\MD1_U2.csproj", "{1F67454E-BA4C-4496-8E62-620F5C899294}"
EndProject
Project("{FAE04EC0-301F-11D3-BF4B-00C04F79EFBC}") = "MD1_U3", "MD1_U3\MD1_U3.csproj", "{52655923-63A8-4EFA-86DF-DCEFF8FAA3FF}"
EndProject
Project("{FAE04EC0-301F-11D3-BF4B-00C04F79EFBC}") = "MD1_U4", "MD1_U4\MD1_U4.csproj", "{454DDD56-A7A6-4934-9AE3-2560BFC4E31A}"
EndProject
Project("{FAE04EC0-301F-11D3-BF4B-00C04F79EFBC}") = "MD1_U5", "MD1_U5\MD1_U5.csproj", "{6C2CDB30-D20C-405E-8BF0-45913EC000C3}"
EndProject
Project("{FAE04EC0-301F-11D3-BF4B-00C04F79EFBC}") = "D2_U7", "D2\D2_U7.csproj", "{B0166F27-70D8-4C92-A7A1-E62B1BBD75F1}"
EndProject
Project("{FAE04EC0-301F-11D3-BF4B-00C04F79EFBC}") = "D2_U8", "D2_U8\D2_U8.csproj", "{F950DD19-BA51-47E7-AD45-D284C889D06B}"
EndProject
Project("{FAE04EC0-301F-11D3-BF4B-00C04F79EFBC}") = "D2_U9", "D2_U9\D2_U9.csproj", "{4975B6B7-B475-4AD3-9D13-0A7465F28FB4}"
EndProject
Project("{FAE04EC0-301F-11D3-BF4B-00C04F79EFBC}") = "D2_U10", "D2_U10\D2_U10.csproj", "{CC9BD65E-884B-4337-B3BF-EBD995007557}"
EndProject
Project("{FAE04EC0-301F-11D3-BF4B-00C04F79EFBC}") = "D2_U11", "D2_U11\D2_U11.csproj", "{78B2F8A0-4F06-4D95-B5C8-EA7E443D151C}"
EndProject
Project("{FAE04EC0-301F-11D3-BF4B-00C04F79EFBC}") = "D3_U1", "D3_U1\D3_U1.csproj", "{56EA9FE4-912B-44E2-9C8F-D849E95D6CC9}"
EndProject
Project("{FAE04EC0-301F-11D3-BF4B-00C04F79EFBC}") = "D3_U2", "D3_U2\D3_U2.csproj", "{ECC93210-8381-478F-BC9C-8724390194C9}"
EndProject
Project("{FAE04EC0-301F-11D3-BF4B-00C04F79EFBC}") = "D3_U3", "D3_U3\D3_U3.csproj", "{006687BA-7F2E-494C-BAF3-F63D9C3A3625}"
EndProject
Project("{FAE04EC0-301F-11D3-BF4B-00C04F79EFBC}") = "D3_U15", "D3_U15\D3_U15.csproj", "{1F37D0E9-9FFF-40C9-A99C-51CD9F7DFE69}"
EndProject
Project("{FAE04EC0-301F-11D3-BF4B-00C04F79EFBC}") = "D3_U16", "D3_U16\D3_U16.csproj", "{BC3E6C94-D8A5-42DB-83E5-24049A0ED578}"
EndProject
Project("{FAE04EC0-301F-11D3-BF4B-00C04F79EFBC}") = "D3_U18", "D3_U18\D3_U18.csproj", "{8BFAC131-4C78-4534-A97C-953EE3869B31}"
EndProject
Project("{FAE04EC0-301F-11D3-BF4B-00C04F79EFBC}") = "D3_U19", "D3_U19\D3_U19.csproj", "{E5EC3B65-F313-4097-B666-A87287CB6EA4}"
EndProject
Project("{FAE04EC0-301F-11D3-BF4B-00C04F79EFBC}") = "MD2_U1", "MD2_U1\MD2_U1.csproj", "{6C282C49-E3D1-40D2-9B7A-8D76D0E6BEE1}"
EndProject
Project("{FAE04EC0-301F-11D3-BF4B-00C04F79EFBC}") = "MD2_U2", "MD2_U2\MD2_U2.csproj", "{CC858BCB-DC68-4B9F-8BED-ADEE94EDB8E0}"
EndProject
Project("{FAE04EC0-301F-11D3-BF4B-00C04F79EFBC}") = "MD2_U3", "MD2_U3\MD2_U3.csproj", "{4606790A-B592-4006-8D1F-BE2B51510A80}"
EndProject
Project("{FAE04EC0-301F-11D3-BF4B-00C04F79EFBC}") = "MD2_U4", "MD2_U4\MD2_U4.csproj", "{E3EEF169-C37E-4671-96E6-7A2DBA5B7373}"
EndProject
Project("{FAE04EC0-301F-11D3-BF4B-00C04F79EFBC}") = "MD2_U5", "MD2_U5\MD2_U5.csproj", "{9649E8BD-BCBF-494D-9539-D8D0182683ED}"
EndProject
Project("{2150E333-8FDC-42A3-9474-1A3956D46DE8}") = "D1", "D1", "{02A6608E-AE13-4864-8DF4-13C880B59066}"
EndProject
Project("{2150E333-8FDC-42A3-9474-1A3956D46DE8}") = "D2", "D2", "{2D75F251-E5CF-4C95-9C3B-F151164E3149}"
EndProject
Project("{2150E333-8FDC-42A3-9474-1A3956D46DE8}") = "D3", "D3", "{EC93DE8A-BA0B-4D55-9D13-70B51C0D8C77}"
EndProject
Project("{2150E333-8FDC-42A3-9474-1A3956D46DE8}") = "MD1", "MD1", "{C850BC1E-1C40-4FCA-90B5-41F1F1C0091E}"
EndProject
Project("{2150E333-8FDC-42A3-9474-1A3956D46DE8}") = "D4", "D4", "{EBF17B83-8A46-4A91-8435-C6045233C374}"
EndProject
Project("{FAE04EC0-301F-11D3-BF4B-00C04F79EFBC}") = "D4_U1", "D4_U1\D4_U1.csproj", "{C5CA45E1-46A0-4189-9D47-F8853134A461}"
EndProject
Project("{2150E333-8FDC-42A3-9474-1A3956D46DE8}") = "PD1", "PD1", "{E6058FDA-7892-4271-8080-E06C4E520AAA}"
EndProject
Project("{FAE04EC0-301F-11D3-BF4B-00C04F79EFBC}") = "PD1_U5", "PD1_U5\PD1_U5.csproj", "{514D606F-13FF-481A-8386-189EEA5EBC49}"
EndProject
Project("{FAE04EC0-301F-11D3-BF4B-00C04F79EFBC}") = "PD1_U6", "PD1_U6\PD1_U6.csproj", "{1059E5CF-DF2B-47D7-AE82-B010B5529651}"
EndProject
Project("{FAE04EC0-301F-11D3-BF4B-00C04F79EFBC}") = "PD1_U4", "PD1_U4\PD1_U4.csproj", "{394347A7-D18F-4891-ADC2-674563913A12}"
EndProject
Project("{2150E333-8FDC-42A3-9474-1A3956D46DE8}") = "D6", "D6", "{60B8AC3D-ABF6-40B4-BE43-1F168C5E969F}"
EndProject
Project("{FAE04EC0-301F-11D3-BF4B-00C04F79EFBC}") = "D6", "D6\D6.csproj", "{C7A56288-90B6-4172-890A-3C239EF4E9FD}"
EndProject
Project("{FAE04EC0-301F-11D3-BF4B-00C04F79EFBC}") = "D6_U25", "D6_U25\D6_U25.csproj", "{72AD175C-E410-41FE-B1ED-28190CAE6740}"
EndProject
Project("{FAE04EC0-301F-11D3-BF4B-00C04F79EFBC}") = "D6_U26", "D6_U26\D6_U26.csproj", "{470946C9-7270-4DCF-8425-2E5B5BF1D1A2}"
EndProject
Project("{FAE04EC0-301F-11D3-BF4B-00C04F79EFBC}") = "D6_U27", "D6_U27\D6_U27.csproj", "{6132334E-1DB8-42F8-9980-891D35CCA09F}"
EndProject
Global
	GlobalSection(SolutionConfigurationPlatforms) = preSolution
		Debug|Any CPU = Debug|Any CPU
		Release|Any CPU = Release|Any CPU
	EndGlobalSection
	GlobalSection(ProjectConfigurationPlatforms) = postSolution
		{42F7546E-5C1A-49A0-B971-F4E0ACC063AB}.Debug|Any CPU.ActiveCfg = Debug|Any CPU
		{42F7546E-5C1A-49A0-B971-F4E0ACC063AB}.Debug|Any CPU.Build.0 = Debug|Any CPU
		{42F7546E-5C1A-49A0-B971-F4E0ACC063AB}.Release|Any CPU.ActiveCfg = Release|Any CPU
		{42F7546E-5C1A-49A0-B971-F4E0ACC063AB}.Release|Any CPU.Build.0 = Release|Any CPU
		{6ABBBE07-CB3A-41C0-BE13-830862B5087B}.Debug|Any CPU.ActiveCfg = Debug|Any CPU
		{6ABBBE07-CB3A-41C0-BE13-830862B5087B}.Debug|Any CPU.Build.0 = Debug|Any CPU
		{6ABBBE07-CB3A-41C0-BE13-830862B5087B}.Release|Any CPU.ActiveCfg = Release|Any CPU
		{6ABBBE07-CB3A-41C0-BE13-830862B5087B}.Release|Any CPU.Build.0 = Release|Any CPU
		{281FAC80-ED1D-4BB5-A6D7-EA8EDE89108E}.Debug|Any CPU.ActiveCfg = Debug|Any CPU
		{281FAC80-ED1D-4BB5-A6D7-EA8EDE89108E}.Debug|Any CPU.Build.0 = Debug|Any CPU
		{281FAC80-ED1D-4BB5-A6D7-EA8EDE89108E}.Release|Any CPU.ActiveCfg = Release|Any CPU
		{281FAC80-ED1D-4BB5-A6D7-EA8EDE89108E}.Release|Any CPU.Build.0 = Release|Any CPU
		{68AC4023-25C2-4025-96AD-0870BBAF5C09}.Debug|Any CPU.ActiveCfg = Debug|Any CPU
		{68AC4023-25C2-4025-96AD-0870BBAF5C09}.Debug|Any CPU.Build.0 = Debug|Any CPU
		{68AC4023-25C2-4025-96AD-0870BBAF5C09}.Release|Any CPU.ActiveCfg = Release|Any CPU
		{68AC4023-25C2-4025-96AD-0870BBAF5C09}.Release|Any CPU.Build.0 = Release|Any CPU
		{2E7169FB-6AAA-4E9D-A48F-272CEDEAE138}.Debug|Any CPU.ActiveCfg = Debug|Any CPU
		{2E7169FB-6AAA-4E9D-A48F-272CEDEAE138}.Debug|Any CPU.Build.0 = Debug|Any CPU
		{2E7169FB-6AAA-4E9D-A48F-272CEDEAE138}.Release|Any CPU.ActiveCfg = Release|Any CPU
		{2E7169FB-6AAA-4E9D-A48F-272CEDEAE138}.Release|Any CPU.Build.0 = Release|Any CPU
		{1F67454E-BA4C-4496-8E62-620F5C899294}.Debug|Any CPU.ActiveCfg = Debug|Any CPU
		{1F67454E-BA4C-4496-8E62-620F5C899294}.Debug|Any CPU.Build.0 = Debug|Any CPU
		{1F67454E-BA4C-4496-8E62-620F5C899294}.Release|Any CPU.ActiveCfg = Release|Any CPU
		{1F67454E-BA4C-4496-8E62-620F5C899294}.Release|Any CPU.Build.0 = Release|Any CPU
		{52655923-63A8-4EFA-86DF-DCEFF8FAA3FF}.Debug|Any CPU.ActiveCfg = Debug|Any CPU
		{52655923-63A8-4EFA-86DF-DCEFF8FAA3FF}.Debug|Any CPU.Build.0 = Debug|Any CPU
		{52655923-63A8-4EFA-86DF-DCEFF8FAA3FF}.Release|Any CPU.ActiveCfg = Release|Any CPU
		{52655923-63A8-4EFA-86DF-DCEFF8FAA3FF}.Release|Any CPU.Build.0 = Release|Any CPU
		{454DDD56-A7A6-4934-9AE3-2560BFC4E31A}.Debug|Any CPU.ActiveCfg = Debug|Any CPU
		{454DDD56-A7A6-4934-9AE3-2560BFC4E31A}.Debug|Any CPU.Build.0 = Debug|Any CPU
		{454DDD56-A7A6-4934-9AE3-2560BFC4E31A}.Release|Any CPU.ActiveCfg = Release|Any CPU
		{454DDD56-A7A6-4934-9AE3-2560BFC4E31A}.Release|Any CPU.Build.0 = Release|Any CPU
		{6C2CDB30-D20C-405E-8BF0-45913EC000C3}.Debug|Any CPU.ActiveCfg = Debug|Any CPU
		{6C2CDB30-D20C-405E-8BF0-45913EC000C3}.Debug|Any CPU.Build.0 = Debug|Any CPU
		{6C2CDB30-D20C-405E-8BF0-45913EC000C3}.Release|Any CPU.ActiveCfg = Release|Any CPU
		{6C2CDB30-D20C-405E-8BF0-45913EC000C3}.Release|Any CPU.Build.0 = Release|Any CPU
		{B0166F27-70D8-4C92-A7A1-E62B1BBD75F1}.Debug|Any CPU.ActiveCfg = Debug|Any CPU
		{B0166F27-70D8-4C92-A7A1-E62B1BBD75F1}.Debug|Any CPU.Build.0 = Debug|Any CPU
		{B0166F27-70D8-4C92-A7A1-E62B1BBD75F1}.Release|Any CPU.ActiveCfg = Release|Any CPU
		{B0166F27-70D8-4C92-A7A1-E62B1BBD75F1}.Release|Any CPU.Build.0 = Release|Any CPU
		{F950DD19-BA51-47E7-AD45-D284C889D06B}.Debug|Any CPU.ActiveCfg = Debug|Any CPU
		{F950DD19-BA51-47E7-AD45-D284C889D06B}.Debug|Any CPU.Build.0 = Debug|Any CPU
		{F950DD19-BA51-47E7-AD45-D284C889D06B}.Release|Any CPU.ActiveCfg = Release|Any CPU
		{F950DD19-BA51-47E7-AD45-D284C889D06B}.Release|Any CPU.Build.0 = Release|Any CPU
		{4975B6B7-B475-4AD3-9D13-0A7465F28FB4}.Debug|Any CPU.ActiveCfg = Debug|Any CPU
		{4975B6B7-B475-4AD3-9D13-0A7465F28FB4}.Debug|Any CPU.Build.0 = Debug|Any CPU
		{4975B6B7-B475-4AD3-9D13-0A7465F28FB4}.Release|Any CPU.ActiveCfg = Release|Any CPU
		{4975B6B7-B475-4AD3-9D13-0A7465F28FB4}.Release|Any CPU.Build.0 = Release|Any CPU
		{CC9BD65E-884B-4337-B3BF-EBD995007557}.Debug|Any CPU.ActiveCfg = Debug|Any CPU
		{CC9BD65E-884B-4337-B3BF-EBD995007557}.Debug|Any CPU.Build.0 = Debug|Any CPU
		{CC9BD65E-884B-4337-B3BF-EBD995007557}.Release|Any CPU.ActiveCfg = Release|Any CPU
		{CC9BD65E-884B-4337-B3BF-EBD995007557}.Release|Any CPU.Build.0 = Release|Any CPU
		{78B2F8A0-4F06-4D95-B5C8-EA7E443D151C}.Debug|Any CPU.ActiveCfg = Debug|Any CPU
		{78B2F8A0-4F06-4D95-B5C8-EA7E443D151C}.Debug|Any CPU.Build.0 = Debug|Any CPU
		{78B2F8A0-4F06-4D95-B5C8-EA7E443D151C}.Release|Any CPU.ActiveCfg = Release|Any CPU
		{78B2F8A0-4F06-4D95-B5C8-EA7E443D151C}.Release|Any CPU.Build.0 = Release|Any CPU
		{56EA9FE4-912B-44E2-9C8F-D849E95D6CC9}.Debug|Any CPU.ActiveCfg = Debug|Any CPU
		{56EA9FE4-912B-44E2-9C8F-D849E95D6CC9}.Debug|Any CPU.Build.0 = Debug|Any CPU
		{56EA9FE4-912B-44E2-9C8F-D849E95D6CC9}.Release|Any CPU.ActiveCfg = Release|Any CPU
		{56EA9FE4-912B-44E2-9C8F-D849E95D6CC9}.Release|Any CPU.Build.0 = Release|Any CPU
		{ECC93210-8381-478F-BC9C-8724390194C9}.Debug|Any CPU.ActiveCfg = Debug|Any CPU
		{ECC93210-8381-478F-BC9C-8724390194C9}.Debug|Any CPU.Build.0 = Debug|Any CPU
		{ECC93210-8381-478F-BC9C-8724390194C9}.Release|Any CPU.ActiveCfg = Release|Any CPU
		{ECC93210-8381-478F-BC9C-8724390194C9}.Release|Any CPU.Build.0 = Release|Any CPU
		{006687BA-7F2E-494C-BAF3-F63D9C3A3625}.Debug|Any CPU.ActiveCfg = Debug|Any CPU
		{006687BA-7F2E-494C-BAF3-F63D9C3A3625}.Debug|Any CPU.Build.0 = Debug|Any CPU
		{006687BA-7F2E-494C-BAF3-F63D9C3A3625}.Release|Any CPU.ActiveCfg = Release|Any CPU
		{006687BA-7F2E-494C-BAF3-F63D9C3A3625}.Release|Any CPU.Build.0 = Release|Any CPU
		{1F37D0E9-9FFF-40C9-A99C-51CD9F7DFE69}.Debug|Any CPU.ActiveCfg = Debug|Any CPU
		{1F37D0E9-9FFF-40C9-A99C-51CD9F7DFE69}.Debug|Any CPU.Build.0 = Debug|Any CPU
		{1F37D0E9-9FFF-40C9-A99C-51CD9F7DFE69}.Release|Any CPU.ActiveCfg = Release|Any CPU
		{1F37D0E9-9FFF-40C9-A99C-51CD9F7DFE69}.Release|Any CPU.Build.0 = Release|Any CPU
		{BC3E6C94-D8A5-42DB-83E5-24049A0ED578}.Debug|Any CPU.ActiveCfg = Debug|Any CPU
		{BC3E6C94-D8A5-42DB-83E5-24049A0ED578}.Debug|Any CPU.Build.0 = Debug|Any CPU
		{BC3E6C94-D8A5-42DB-83E5-24049A0ED578}.Release|Any CPU.ActiveCfg = Release|Any CPU
		{BC3E6C94-D8A5-42DB-83E5-24049A0ED578}.Release|Any CPU.Build.0 = Release|Any CPU
		{8BFAC131-4C78-4534-A97C-953EE3869B31}.Debug|Any CPU.ActiveCfg = Debug|Any CPU
		{8BFAC131-4C78-4534-A97C-953EE3869B31}.Debug|Any CPU.Build.0 = Debug|Any CPU
		{8BFAC131-4C78-4534-A97C-953EE3869B31}.Release|Any CPU.ActiveCfg = Release|Any CPU
		{8BFAC131-4C78-4534-A97C-953EE3869B31}.Release|Any CPU.Build.0 = Release|Any CPU
		{E5EC3B65-F313-4097-B666-A87287CB6EA4}.Debug|Any CPU.ActiveCfg = Debug|Any CPU
		{E5EC3B65-F313-4097-B666-A87287CB6EA4}.Debug|Any CPU.Build.0 = Debug|Any CPU
		{E5EC3B65-F313-4097-B666-A87287CB6EA4}.Release|Any CPU.ActiveCfg = Release|Any CPU
		{E5EC3B65-F313-4097-B666-A87287CB6EA4}.Release|Any CPU.Build.0 = Release|Any CPU
		{6C282C49-E3D1-40D2-9B7A-8D76D0E6BEE1}.Debug|Any CPU.ActiveCfg = Debug|Any CPU
		{6C282C49-E3D1-40D2-9B7A-8D76D0E6BEE1}.Debug|Any CPU.Build.0 = Debug|Any CPU
		{6C282C49-E3D1-40D2-9B7A-8D76D0E6BEE1}.Release|Any CPU.ActiveCfg = Release|Any CPU
		{6C282C49-E3D1-40D2-9B7A-8D76D0E6BEE1}.Release|Any CPU.Build.0 = Release|Any CPU
		{CC858BCB-DC68-4B9F-8BED-ADEE94EDB8E0}.Debug|Any CPU.ActiveCfg = Debug|Any CPU
		{CC858BCB-DC68-4B9F-8BED-ADEE94EDB8E0}.Debug|Any CPU.Build.0 = Debug|Any CPU
		{CC858BCB-DC68-4B9F-8BED-ADEE94EDB8E0}.Release|Any CPU.ActiveCfg = Release|Any CPU
		{CC858BCB-DC68-4B9F-8BED-ADEE94EDB8E0}.Release|Any CPU.Build.0 = Release|Any CPU
		{4606790A-B592-4006-8D1F-BE2B51510A80}.Debug|Any CPU.ActiveCfg = Debug|Any CPU
		{4606790A-B592-4006-8D1F-BE2B51510A80}.Debug|Any CPU.Build.0 = Debug|Any CPU
		{4606790A-B592-4006-8D1F-BE2B51510A80}.Release|Any CPU.ActiveCfg = Release|Any CPU
		{4606790A-B592-4006-8D1F-BE2B51510A80}.Release|Any CPU.Build.0 = Release|Any CPU
		{E3EEF169-C37E-4671-96E6-7A2DBA5B7373}.Debug|Any CPU.ActiveCfg = Debug|Any CPU
		{E3EEF169-C37E-4671-96E6-7A2DBA5B7373}.Debug|Any CPU.Build.0 = Debug|Any CPU
		{E3EEF169-C37E-4671-96E6-7A2DBA5B7373}.Release|Any CPU.ActiveCfg = Release|Any CPU
		{E3EEF169-C37E-4671-96E6-7A2DBA5B7373}.Release|Any CPU.Build.0 = Release|Any CPU
		{9649E8BD-BCBF-494D-9539-D8D0182683ED}.Debug|Any CPU.ActiveCfg = Debug|Any CPU
		{9649E8BD-BCBF-494D-9539-D8D0182683ED}.Debug|Any CPU.Build.0 = Debug|Any CPU
		{9649E8BD-BCBF-494D-9539-D8D0182683ED}.Release|Any CPU.ActiveCfg = Release|Any CPU
		{9649E8BD-BCBF-494D-9539-D8D0182683ED}.Release|Any CPU.Build.0 = Release|Any CPU
		{C5CA45E1-46A0-4189-9D47-F8853134A461}.Debug|Any CPU.ActiveCfg = Debug|Any CPU
		{C5CA45E1-46A0-4189-9D47-F8853134A461}.Debug|Any CPU.Build.0 = Debug|Any CPU
		{C5CA45E1-46A0-4189-9D47-F8853134A461}.Release|Any CPU.ActiveCfg = Release|Any CPU
		{C5CA45E1-46A0-4189-9D47-F8853134A461}.Release|Any CPU.Build.0 = Release|Any CPU
		{514D606F-13FF-481A-8386-189EEA5EBC49}.Debug|Any CPU.ActiveCfg = Debug|Any CPU
		{514D606F-13FF-481A-8386-189EEA5EBC49}.Debug|Any CPU.Build.0 = Debug|Any CPU
		{514D606F-13FF-481A-8386-189EEA5EBC49}.Release|Any CPU.ActiveCfg = Release|Any CPU
		{514D606F-13FF-481A-8386-189EEA5EBC49}.Release|Any CPU.Build.0 = Release|Any CPU
		{1059E5CF-DF2B-47D7-AE82-B010B5529651}.Debug|Any CPU.ActiveCfg = Debug|Any CPU
		{1059E5CF-DF2B-47D7-AE82-B010B5529651}.Debug|Any CPU.Build.0 = Debug|Any CPU
		{1059E5CF-DF2B-47D7-AE82-B010B5529651}.Release|Any CPU.ActiveCfg = Release|Any CPU
		{1059E5CF-DF2B-47D7-AE82-B010B5529651}.Release|Any CPU.Build.0 = Release|Any CPU
		{394347A7-D18F-4891-ADC2-674563913A12}.Debug|Any CPU.ActiveCfg = Debug|Any CPU
		{394347A7-D18F-4891-ADC2-674563913A12}.Debug|Any CPU.Build.0 = Debug|Any CPU
		{394347A7-D18F-4891-ADC2-674563913A12}.Release|Any CPU.ActiveCfg = Release|Any CPU
		{394347A7-D18F-4891-ADC2-674563913A12}.Release|Any CPU.Build.0 = Release|Any CPU
		{C7A56288-90B6-4172-890A-3C239EF4E9FD}.Debug|Any CPU.ActiveCfg = Debug|Any CPU
		{C7A56288-90B6-4172-890A-3C239EF4E9FD}.Debug|Any CPU.Build.0 = Debug|Any CPU
		{C7A56288-90B6-4172-890A-3C239EF4E9FD}.Release|Any CPU.ActiveCfg = Release|Any CPU
		{C7A56288-90B6-4172-890A-3C239EF4E9FD}.Release|Any CPU.Build.0 = Release|Any CPU
		{72AD175C-E410-41FE-B1ED-28190CAE6740}.Debug|Any CPU.ActiveCfg = Debug|Any CPU
		{72AD175C-E410-41FE-B1ED-28190CAE6740}.Debug|Any CPU.Build.0 = Debug|Any CPU
		{72AD175C-E410-41FE-B1ED-28190CAE6740}.Release|Any CPU.ActiveCfg = Release|Any CPU
		{72AD175C-E410-41FE-B1ED-28190CAE6740}.Release|Any CPU.Build.0 = Release|Any CPU
		{470946C9-7270-4DCF-8425-2E5B5BF1D1A2}.Debug|Any CPU.ActiveCfg = Debug|Any CPU
		{470946C9-7270-4DCF-8425-2E5B5BF1D1A2}.Debug|Any CPU.Build.0 = Debug|Any CPU
		{470946C9-7270-4DCF-8425-2E5B5BF1D1A2}.Release|Any CPU.ActiveCfg = Release|Any CPU
		{470946C9-7270-4DCF-8425-2E5B5BF1D1A2}.Release|Any CPU.Build.0 = Release|Any CPU
		{6132334E-1DB8-42F8-9980-891D35CCA09F}.Debug|Any CPU.ActiveCfg = Debug|Any CPU
		{6132334E-1DB8-42F8-9980-891D35CCA09F}.Debug|Any CPU.Build.0 = Debug|Any CPU
		{6132334E-1DB8-42F8-9980-891D35CCA09F}.Release|Any CPU.ActiveCfg = Release|Any CPU
		{6132334E-1DB8-42F8-9980-891D35CCA09F}.Release|Any CPU.Build.0 = Release|Any CPU
	EndGlobalSection
	GlobalSection(SolutionProperties) = preSolution
		HideSolutionNode = FALSE
	EndGlobalSection
	GlobalSection(NestedProjects) = preSolution
		{42F7546E-5C1A-49A0-B971-F4E0ACC063AB} = {02A6608E-AE13-4864-8DF4-13C880B59066}
		{6ABBBE07-CB3A-41C0-BE13-830862B5087B} = {02A6608E-AE13-4864-8DF4-13C880B59066}
		{281FAC80-ED1D-4BB5-A6D7-EA8EDE89108E} = {02A6608E-AE13-4864-8DF4-13C880B59066}
		{68AC4023-25C2-4025-96AD-0870BBAF5C09} = {02A6608E-AE13-4864-8DF4-13C880B59066}
		{2E7169FB-6AAA-4E9D-A48F-272CEDEAE138} = {C850BC1E-1C40-4FCA-90B5-41F1F1C0091E}
		{1F67454E-BA4C-4496-8E62-620F5C899294} = {C850BC1E-1C40-4FCA-90B5-41F1F1C0091E}
		{52655923-63A8-4EFA-86DF-DCEFF8FAA3FF} = {C850BC1E-1C40-4FCA-90B5-41F1F1C0091E}
		{454DDD56-A7A6-4934-9AE3-2560BFC4E31A} = {C850BC1E-1C40-4FCA-90B5-41F1F1C0091E}
		{6C2CDB30-D20C-405E-8BF0-45913EC000C3} = {C850BC1E-1C40-4FCA-90B5-41F1F1C0091E}
		{B0166F27-70D8-4C92-A7A1-E62B1BBD75F1} = {2D75F251-E5CF-4C95-9C3B-F151164E3149}
		{F950DD19-BA51-47E7-AD45-D284C889D06B} = {2D75F251-E5CF-4C95-9C3B-F151164E3149}
		{4975B6B7-B475-4AD3-9D13-0A7465F28FB4} = {2D75F251-E5CF-4C95-9C3B-F151164E3149}
		{CC9BD65E-884B-4337-B3BF-EBD995007557} = {02A6608E-AE13-4864-8DF4-13C880B59066}
		{78B2F8A0-4F06-4D95-B5C8-EA7E443D151C} = {2D75F251-E5CF-4C95-9C3B-F151164E3149}
		{56EA9FE4-912B-44E2-9C8F-D849E95D6CC9} = {EC93DE8A-BA0B-4D55-9D13-70B51C0D8C77}
		{ECC93210-8381-478F-BC9C-8724390194C9} = {EC93DE8A-BA0B-4D55-9D13-70B51C0D8C77}
		{006687BA-7F2E-494C-BAF3-F63D9C3A3625} = {EC93DE8A-BA0B-4D55-9D13-70B51C0D8C77}
		{1F37D0E9-9FFF-40C9-A99C-51CD9F7DFE69} = {EC93DE8A-BA0B-4D55-9D13-70B51C0D8C77}
		{BC3E6C94-D8A5-42DB-83E5-24049A0ED578} = {EC93DE8A-BA0B-4D55-9D13-70B51C0D8C77}
		{8BFAC131-4C78-4534-A97C-953EE3869B31} = {EC93DE8A-BA0B-4D55-9D13-70B51C0D8C77}
		{E5EC3B65-F313-4097-B666-A87287CB6EA4} = {EC93DE8A-BA0B-4D55-9D13-70B51C0D8C77}
		{C5CA45E1-46A0-4189-9D47-F8853134A461} = {EBF17B83-8A46-4A91-8435-C6045233C374}
		{514D606F-13FF-481A-8386-189EEA5EBC49} = {E6058FDA-7892-4271-8080-E06C4E520AAA}
		{1059E5CF-DF2B-47D7-AE82-B010B5529651} = {E6058FDA-7892-4271-8080-E06C4E520AAA}
		{394347A7-D18F-4891-ADC2-674563913A12} = {E6058FDA-7892-4271-8080-E06C4E520AAA}
		{C7A56288-90B6-4172-890A-3C239EF4E9FD} = {60B8AC3D-ABF6-40B4-BE43-1F168C5E969F}
		{72AD175C-E410-41FE-B1ED-28190CAE6740} = {60B8AC3D-ABF6-40B4-BE43-1F168C5E969F}
		{470946C9-7270-4DCF-8425-2E5B5BF1D1A2} = {60B8AC3D-ABF6-40B4-BE43-1F168C5E969F}
		{6132334E-1DB8-42F8-9980-891D35CCA09F} = {60B8AC3D-ABF6-40B4-BE43-1F168C5E969F}
	EndGlobalSection
	GlobalSection(ExtensibilityGlobals) = postSolution
		SolutionGuid = {605F95CA-1F34-4B73-BCBC-0AB86AB70C0C}
	EndGlobalSection
EndGlobal
