
Microsoft Visual Studio Solution File, Format Version 12.00
# Visual Studio Version 16
VisualStudioVersion = 16.0.29613.14
MinimumVisualStudioVersion = 10.0.40219.1
Project("{9A19103F-16F7-4668-BE54-9A1E7A4F7556}") = "Day_1", "Day_1\Day_1.csproj", "{0B64700C-A49B-40DA-9D4A-D3D2AFF465DB}"
EndProject
Project("{9A19103F-16F7-4668-BE54-9A1E7A4F7556}") = "Day_1_if", "Day_1_if\Day_1_if.csproj", "{CF7DB687-9C0C-4352-AE73-2056136EEA71}"
EndProject
Project("{2150E333-8FDC-42A3-9474-1A3956D46DE8}") = "MD", "MD", "{93B5275F-6870-4748-9441-08469320D35C}"
EndProject
Project("{9A19103F-16F7-4668-BE54-9A1E7A4F7556}") = "MD1.1", "MD1.1\MD1.1.csproj", "{720FB511-B719-4E01-890D-D79BEECA4367}"
EndProject
Project("{9A19103F-16F7-4668-BE54-9A1E7A4F7556}") = "MD1.2", "MD1.2\MD1.2.csproj", "{C6719402-04AC-4B9F-BEBA-1ADE5AB36344}"
EndProject
Project("{9A19103F-16F7-4668-BE54-9A1E7A4F7556}") = "MD1.3", "MD1.3\MD1.3.csproj", "{9A3126B5-7AE1-4226-B83C-804065FF67BB}"
EndProject
Project("{9A19103F-16F7-4668-BE54-9A1E7A4F7556}") = "MD1.4", "MD1.4\MD1.4.csproj", "{F0F5FBC5-523B-485F-939A-048614D02921}"
EndProject
Project("{9A19103F-16F7-4668-BE54-9A1E7A4F7556}") = "MD1.5", "MD1.5\MD1.5.csproj", "{DFE4AB1B-D007-4DA9-8CCF-6724F00CFDB0}"
EndProject
Project("{9A19103F-16F7-4668-BE54-9A1E7A4F7556}") = "MD1.6", "MD1.6\MD1.6.csproj", "{0148E108-7073-41BF-B1C3-E7C67A374CA8}"
EndProject
Project("{9A19103F-16F7-4668-BE54-9A1E7A4F7556}") = "Day2", "Day2\Day2.csproj", "{8D573944-1814-42DB-BF4F-3BB93ECFC2D6}"
EndProject
Project("{9A19103F-16F7-4668-BE54-9A1E7A4F7556}") = "Day2_enum", "Day2_enum\Day2_enum.csproj", "{F633C786-B4EC-4D52-8DC5-73AF3BD50F48}"
EndProject
Project("{9A19103F-16F7-4668-BE54-9A1E7A4F7556}") = "MD2.1", "MD2.1\MD2.1.csproj", "{44B10EB3-BAC4-40FD-9ADF-589F53B83E3C}"
EndProject
Project("{9A19103F-16F7-4668-BE54-9A1E7A4F7556}") = "MD2.2", "MD2.2\MD2.2.csproj", "{6D29CAC4-B0CD-437F-AFA3-A79BC13E18E9}"
EndProject
Project("{9A19103F-16F7-4668-BE54-9A1E7A4F7556}") = "day3_arrays", "day3_arrays\day3_arrays.csproj", "{844FB668-E96C-4DCB-8863-EC4FC89CEFFC}"
EndProject
Project("{9A19103F-16F7-4668-BE54-9A1E7A4F7556}") = "Day3_array_sum", "Day3_array_sum\Day3_array_sum.csproj", "{B8A8E4C4-E379-4910-9772-BF70CC270A8C}"
EndProject
Project("{9A19103F-16F7-4668-BE54-9A1E7A4F7556}") = "MD3.1", "MD3.1\MD3.1.csproj", "{9A713B85-5572-4D60-A078-CA430AA4947D}"
EndProject
Project("{9A19103F-16F7-4668-BE54-9A1E7A4F7556}") = "MD3.2", "MD3.2\MD3.2.csproj", "{AE3E0B61-B21E-471C-A2AD-322CC4FF9261}"
EndProject
Project("{9A19103F-16F7-4668-BE54-9A1E7A4F7556}") = "MD3.3", "MD3.3\MD3.3.csproj", "{2927DA1E-51DB-4449-AB4D-42702C129A83}"
EndProject
Project("{9A19103F-16F7-4668-BE54-9A1E7A4F7556}") = "MD3.4", "MD3.4\MD3.4.csproj", "{0466FAE4-020F-4F3C-BAE0-EB86E16B378D}"
EndProject
Project("{9A19103F-16F7-4668-BE54-9A1E7A4F7556}") = "MD2.c", "MD2.c\MD2.c.csproj", "{ACB9A1E9-B960-4BF1-B210-3050292D193A}"
EndProject
Project("{9A19103F-16F7-4668-BE54-9A1E7A4F7556}") = "MD2.4", "MD2.4\MD2.4.csproj", "{19968E62-C759-4A5B-85DC-0EFC67AE813F}"
EndProject
Project("{9A19103F-16F7-4668-BE54-9A1E7A4F7556}") = "varakviksne", "varakviksne\varakviksne.csproj", "{FDAFA009-5AEA-4042-A829-630BB1BF684D}"
EndProject
Project("{9A19103F-16F7-4668-BE54-9A1E7A4F7556}") = "MD2.3", "MD2.3\MD2.3.csproj", "{02502735-43D3-49C7-BCAC-34C80975C2F2}"
EndProject
Project("{2150E333-8FDC-42A3-9474-1A3956D46DE8}") = "ClassRoom", "ClassRoom", "{941FED9D-151D-4CDC-8A80-21C620163F72}"
EndProject
Project("{9A19103F-16F7-4668-BE54-9A1E7A4F7556}") = "MD3.MaxMin", "MD3.MaxMin\MD3.MaxMin.csproj", "{D646484C-A6E1-4F6F-9269-4D088380CBB3}"
EndProject
Project("{9A19103F-16F7-4668-BE54-9A1E7A4F7556}") = "MD4.1", "MD4.1\MD4.1.csproj", "{2D3C053D-A3BC-423B-8B38-3B46C8909800}"
EndProject
Project("{9A19103F-16F7-4668-BE54-9A1E7A4F7556}") = "MD4.CikliskaIevadeIzvade", "MD4.CikliskaIevadeIzvade\MD4.CikliskaIevadeIzvade.csproj", "{3F8CC3DA-8D1D-43F3-8776-2946BED7E4AD}"
EndProject
Project("{9A19103F-16F7-4668-BE54-9A1E7A4F7556}") = "MD4.2", "MD4.2\MD4.2.csproj", "{860E5562-41DE-4927-8DC2-E06425851B89}"
EndProject
Project("{9A19103F-16F7-4668-BE54-9A1E7A4F7556}") = "MD4.3", "MD4.3\MD4.3.csproj", "{A6B646E5-2475-468D-979C-32482CF98822}"
EndProject
Project("{9A19103F-16F7-4668-BE54-9A1E7A4F7556}") = "Day4.VardiUnSkaits", "Day4.VardiUnSkaits\Day4.VardiUnSkaits.csproj", "{9239D844-3DD6-4D22-856E-EFDC067DD6AC}"
EndProject
Project("{9A19103F-16F7-4668-BE54-9A1E7A4F7556}") = "Day5_ArrayListsMethodes", "Day5_ArrayListsMethodes\Day5_ArrayListsMethodes.csproj", "{C0B73860-7D5A-46C7-925F-B07C62F220AE}"
EndProject
Project("{9A19103F-16F7-4668-BE54-9A1E7A4F7556}") = "MD4.4", "MD4.4\MD4.4.csproj", "{97875EA2-DF9A-4F23-9204-43EA8C113F7D}"
EndProject
Project("{9A19103F-16F7-4668-BE54-9A1E7A4F7556}") = "MD4.5", "MD4.5\MD4.5.csproj", "{C8F967AE-36BF-472E-ADDF-646DEED7EB26}"
EndProject
Project("{9A19103F-16F7-4668-BE54-9A1E7A4F7556}") = "MD5.1", "MD5.1\MD5.1.csproj", "{12B48E7D-9185-4A1E-8857-F5EBF3789C8F}"
EndProject
Project("{9A19103F-16F7-4668-BE54-9A1E7A4F7556}") = "MD5.2", "MD5.2\MD5.2.csproj", "{3C6E4298-62E4-4496-A179-856DE4E03764}"
EndProject
Project("{9A19103F-16F7-4668-BE54-9A1E7A4F7556}") = "MD5.3", "MD5.3\MD5.3.csproj", "{9B06BA33-E048-44A9-80C8-3588F360AAA3}"
EndProject
Project("{9A19103F-16F7-4668-BE54-9A1E7A4F7556}") = "MD5.4", "MD5.4\MD5.4.csproj", "{5C14AFDB-078A-40CB-8723-BE508051FCEA}"
EndProject
Project("{FAE04EC0-301F-11D3-BF4B-00C04F79EFBC}") = "MD6.1", "MD6.1\MD6.1.csproj", "{7CB3C84A-A882-4953-8DB4-6276D0A852DA}"
EndProject
Project("{FAE04EC0-301F-11D3-BF4B-00C04F79EFBC}") = "MD6.2", "MD6.2\MD6.2.csproj", "{312797B8-1443-4D4F-9CEB-9B2174914DF3}"
EndProject
Project("{FAE04EC0-301F-11D3-BF4B-00C04F79EFBC}") = "MD6.3", "MD6.3\MD6.3.csproj", "{277B5357-E763-436D-8ACA-EBE902833FF7}"
EndProject
Project("{FAE04EC0-301F-11D3-BF4B-00C04F79EFBC}") = "MD6.4", "MD6.4\MD6.4.csproj", "{D31F9D05-6EB8-4DD9-89C7-AEE2D3432B4B}"
EndProject
Global
	GlobalSection(SolutionConfigurationPlatforms) = preSolution
		Debug|Any CPU = Debug|Any CPU
		Release|Any CPU = Release|Any CPU
	EndGlobalSection
	GlobalSection(ProjectConfigurationPlatforms) = postSolution
		{0B64700C-A49B-40DA-9D4A-D3D2AFF465DB}.Debug|Any CPU.ActiveCfg = Debug|Any CPU
		{0B64700C-A49B-40DA-9D4A-D3D2AFF465DB}.Debug|Any CPU.Build.0 = Debug|Any CPU
		{0B64700C-A49B-40DA-9D4A-D3D2AFF465DB}.Release|Any CPU.ActiveCfg = Release|Any CPU
		{0B64700C-A49B-40DA-9D4A-D3D2AFF465DB}.Release|Any CPU.Build.0 = Release|Any CPU
		{CF7DB687-9C0C-4352-AE73-2056136EEA71}.Debug|Any CPU.ActiveCfg = Debug|Any CPU
		{CF7DB687-9C0C-4352-AE73-2056136EEA71}.Debug|Any CPU.Build.0 = Debug|Any CPU
		{CF7DB687-9C0C-4352-AE73-2056136EEA71}.Release|Any CPU.ActiveCfg = Release|Any CPU
		{CF7DB687-9C0C-4352-AE73-2056136EEA71}.Release|Any CPU.Build.0 = Release|Any CPU
		{720FB511-B719-4E01-890D-D79BEECA4367}.Debug|Any CPU.ActiveCfg = Debug|Any CPU
		{720FB511-B719-4E01-890D-D79BEECA4367}.Debug|Any CPU.Build.0 = Debug|Any CPU
		{720FB511-B719-4E01-890D-D79BEECA4367}.Release|Any CPU.ActiveCfg = Release|Any CPU
		{720FB511-B719-4E01-890D-D79BEECA4367}.Release|Any CPU.Build.0 = Release|Any CPU
		{C6719402-04AC-4B9F-BEBA-1ADE5AB36344}.Debug|Any CPU.ActiveCfg = Debug|Any CPU
		{C6719402-04AC-4B9F-BEBA-1ADE5AB36344}.Debug|Any CPU.Build.0 = Debug|Any CPU
		{C6719402-04AC-4B9F-BEBA-1ADE5AB36344}.Release|Any CPU.ActiveCfg = Release|Any CPU
		{C6719402-04AC-4B9F-BEBA-1ADE5AB36344}.Release|Any CPU.Build.0 = Release|Any CPU
		{9A3126B5-7AE1-4226-B83C-804065FF67BB}.Debug|Any CPU.ActiveCfg = Debug|Any CPU
		{9A3126B5-7AE1-4226-B83C-804065FF67BB}.Debug|Any CPU.Build.0 = Debug|Any CPU
		{9A3126B5-7AE1-4226-B83C-804065FF67BB}.Release|Any CPU.ActiveCfg = Release|Any CPU
		{9A3126B5-7AE1-4226-B83C-804065FF67BB}.Release|Any CPU.Build.0 = Release|Any CPU
		{F0F5FBC5-523B-485F-939A-048614D02921}.Debug|Any CPU.ActiveCfg = Debug|Any CPU
		{F0F5FBC5-523B-485F-939A-048614D02921}.Debug|Any CPU.Build.0 = Debug|Any CPU
		{F0F5FBC5-523B-485F-939A-048614D02921}.Release|Any CPU.ActiveCfg = Release|Any CPU
		{F0F5FBC5-523B-485F-939A-048614D02921}.Release|Any CPU.Build.0 = Release|Any CPU
		{DFE4AB1B-D007-4DA9-8CCF-6724F00CFDB0}.Debug|Any CPU.ActiveCfg = Debug|Any CPU
		{DFE4AB1B-D007-4DA9-8CCF-6724F00CFDB0}.Debug|Any CPU.Build.0 = Debug|Any CPU
		{DFE4AB1B-D007-4DA9-8CCF-6724F00CFDB0}.Release|Any CPU.ActiveCfg = Release|Any CPU
		{DFE4AB1B-D007-4DA9-8CCF-6724F00CFDB0}.Release|Any CPU.Build.0 = Release|Any CPU
		{0148E108-7073-41BF-B1C3-E7C67A374CA8}.Debug|Any CPU.ActiveCfg = Debug|Any CPU
		{0148E108-7073-41BF-B1C3-E7C67A374CA8}.Debug|Any CPU.Build.0 = Debug|Any CPU
		{0148E108-7073-41BF-B1C3-E7C67A374CA8}.Release|Any CPU.ActiveCfg = Release|Any CPU
		{0148E108-7073-41BF-B1C3-E7C67A374CA8}.Release|Any CPU.Build.0 = Release|Any CPU
		{8D573944-1814-42DB-BF4F-3BB93ECFC2D6}.Debug|Any CPU.ActiveCfg = Debug|Any CPU
		{8D573944-1814-42DB-BF4F-3BB93ECFC2D6}.Debug|Any CPU.Build.0 = Debug|Any CPU
		{8D573944-1814-42DB-BF4F-3BB93ECFC2D6}.Release|Any CPU.ActiveCfg = Release|Any CPU
		{8D573944-1814-42DB-BF4F-3BB93ECFC2D6}.Release|Any CPU.Build.0 = Release|Any CPU
		{F633C786-B4EC-4D52-8DC5-73AF3BD50F48}.Debug|Any CPU.ActiveCfg = Debug|Any CPU
		{F633C786-B4EC-4D52-8DC5-73AF3BD50F48}.Debug|Any CPU.Build.0 = Debug|Any CPU
		{F633C786-B4EC-4D52-8DC5-73AF3BD50F48}.Release|Any CPU.ActiveCfg = Release|Any CPU
		{F633C786-B4EC-4D52-8DC5-73AF3BD50F48}.Release|Any CPU.Build.0 = Release|Any CPU
		{44B10EB3-BAC4-40FD-9ADF-589F53B83E3C}.Debug|Any CPU.ActiveCfg = Debug|Any CPU
		{44B10EB3-BAC4-40FD-9ADF-589F53B83E3C}.Debug|Any CPU.Build.0 = Debug|Any CPU
		{44B10EB3-BAC4-40FD-9ADF-589F53B83E3C}.Release|Any CPU.ActiveCfg = Release|Any CPU
		{44B10EB3-BAC4-40FD-9ADF-589F53B83E3C}.Release|Any CPU.Build.0 = Release|Any CPU
		{6D29CAC4-B0CD-437F-AFA3-A79BC13E18E9}.Debug|Any CPU.ActiveCfg = Debug|Any CPU
		{6D29CAC4-B0CD-437F-AFA3-A79BC13E18E9}.Debug|Any CPU.Build.0 = Debug|Any CPU
		{6D29CAC4-B0CD-437F-AFA3-A79BC13E18E9}.Release|Any CPU.ActiveCfg = Release|Any CPU
		{6D29CAC4-B0CD-437F-AFA3-A79BC13E18E9}.Release|Any CPU.Build.0 = Release|Any CPU
		{844FB668-E96C-4DCB-8863-EC4FC89CEFFC}.Debug|Any CPU.ActiveCfg = Debug|Any CPU
		{844FB668-E96C-4DCB-8863-EC4FC89CEFFC}.Debug|Any CPU.Build.0 = Debug|Any CPU
		{844FB668-E96C-4DCB-8863-EC4FC89CEFFC}.Release|Any CPU.ActiveCfg = Release|Any CPU
		{844FB668-E96C-4DCB-8863-EC4FC89CEFFC}.Release|Any CPU.Build.0 = Release|Any CPU
		{B8A8E4C4-E379-4910-9772-BF70CC270A8C}.Debug|Any CPU.ActiveCfg = Debug|Any CPU
		{B8A8E4C4-E379-4910-9772-BF70CC270A8C}.Debug|Any CPU.Build.0 = Debug|Any CPU
		{B8A8E4C4-E379-4910-9772-BF70CC270A8C}.Release|Any CPU.ActiveCfg = Release|Any CPU
		{B8A8E4C4-E379-4910-9772-BF70CC270A8C}.Release|Any CPU.Build.0 = Release|Any CPU
		{9A713B85-5572-4D60-A078-CA430AA4947D}.Debug|Any CPU.ActiveCfg = Debug|Any CPU
		{9A713B85-5572-4D60-A078-CA430AA4947D}.Debug|Any CPU.Build.0 = Debug|Any CPU
		{9A713B85-5572-4D60-A078-CA430AA4947D}.Release|Any CPU.ActiveCfg = Release|Any CPU
		{9A713B85-5572-4D60-A078-CA430AA4947D}.Release|Any CPU.Build.0 = Release|Any CPU
		{AE3E0B61-B21E-471C-A2AD-322CC4FF9261}.Debug|Any CPU.ActiveCfg = Debug|Any CPU
		{AE3E0B61-B21E-471C-A2AD-322CC4FF9261}.Debug|Any CPU.Build.0 = Debug|Any CPU
		{AE3E0B61-B21E-471C-A2AD-322CC4FF9261}.Release|Any CPU.ActiveCfg = Release|Any CPU
		{AE3E0B61-B21E-471C-A2AD-322CC4FF9261}.Release|Any CPU.Build.0 = Release|Any CPU
		{2927DA1E-51DB-4449-AB4D-42702C129A83}.Debug|Any CPU.ActiveCfg = Debug|Any CPU
		{2927DA1E-51DB-4449-AB4D-42702C129A83}.Debug|Any CPU.Build.0 = Debug|Any CPU
		{2927DA1E-51DB-4449-AB4D-42702C129A83}.Release|Any CPU.ActiveCfg = Release|Any CPU
		{2927DA1E-51DB-4449-AB4D-42702C129A83}.Release|Any CPU.Build.0 = Release|Any CPU
		{0466FAE4-020F-4F3C-BAE0-EB86E16B378D}.Debug|Any CPU.ActiveCfg = Debug|Any CPU
		{0466FAE4-020F-4F3C-BAE0-EB86E16B378D}.Debug|Any CPU.Build.0 = Debug|Any CPU
		{0466FAE4-020F-4F3C-BAE0-EB86E16B378D}.Release|Any CPU.ActiveCfg = Release|Any CPU
		{0466FAE4-020F-4F3C-BAE0-EB86E16B378D}.Release|Any CPU.Build.0 = Release|Any CPU
		{ACB9A1E9-B960-4BF1-B210-3050292D193A}.Debug|Any CPU.ActiveCfg = Debug|Any CPU
		{ACB9A1E9-B960-4BF1-B210-3050292D193A}.Debug|Any CPU.Build.0 = Debug|Any CPU
		{ACB9A1E9-B960-4BF1-B210-3050292D193A}.Release|Any CPU.ActiveCfg = Release|Any CPU
		{ACB9A1E9-B960-4BF1-B210-3050292D193A}.Release|Any CPU.Build.0 = Release|Any CPU
		{19968E62-C759-4A5B-85DC-0EFC67AE813F}.Debug|Any CPU.ActiveCfg = Debug|Any CPU
		{19968E62-C759-4A5B-85DC-0EFC67AE813F}.Debug|Any CPU.Build.0 = Debug|Any CPU
		{19968E62-C759-4A5B-85DC-0EFC67AE813F}.Release|Any CPU.ActiveCfg = Release|Any CPU
		{19968E62-C759-4A5B-85DC-0EFC67AE813F}.Release|Any CPU.Build.0 = Release|Any CPU
		{FDAFA009-5AEA-4042-A829-630BB1BF684D}.Debug|Any CPU.ActiveCfg = Debug|Any CPU
		{FDAFA009-5AEA-4042-A829-630BB1BF684D}.Debug|Any CPU.Build.0 = Debug|Any CPU
		{FDAFA009-5AEA-4042-A829-630BB1BF684D}.Release|Any CPU.ActiveCfg = Release|Any CPU
		{FDAFA009-5AEA-4042-A829-630BB1BF684D}.Release|Any CPU.Build.0 = Release|Any CPU
		{02502735-43D3-49C7-BCAC-34C80975C2F2}.Debug|Any CPU.ActiveCfg = Debug|Any CPU
		{02502735-43D3-49C7-BCAC-34C80975C2F2}.Debug|Any CPU.Build.0 = Debug|Any CPU
		{02502735-43D3-49C7-BCAC-34C80975C2F2}.Release|Any CPU.ActiveCfg = Release|Any CPU
		{02502735-43D3-49C7-BCAC-34C80975C2F2}.Release|Any CPU.Build.0 = Release|Any CPU
		{D646484C-A6E1-4F6F-9269-4D088380CBB3}.Debug|Any CPU.ActiveCfg = Debug|Any CPU
		{D646484C-A6E1-4F6F-9269-4D088380CBB3}.Debug|Any CPU.Build.0 = Debug|Any CPU
		{D646484C-A6E1-4F6F-9269-4D088380CBB3}.Release|Any CPU.ActiveCfg = Release|Any CPU
		{D646484C-A6E1-4F6F-9269-4D088380CBB3}.Release|Any CPU.Build.0 = Release|Any CPU
		{2D3C053D-A3BC-423B-8B38-3B46C8909800}.Debug|Any CPU.ActiveCfg = Debug|Any CPU
		{2D3C053D-A3BC-423B-8B38-3B46C8909800}.Debug|Any CPU.Build.0 = Debug|Any CPU
		{2D3C053D-A3BC-423B-8B38-3B46C8909800}.Release|Any CPU.ActiveCfg = Release|Any CPU
		{2D3C053D-A3BC-423B-8B38-3B46C8909800}.Release|Any CPU.Build.0 = Release|Any CPU
		{3F8CC3DA-8D1D-43F3-8776-2946BED7E4AD}.Debug|Any CPU.ActiveCfg = Debug|Any CPU
		{3F8CC3DA-8D1D-43F3-8776-2946BED7E4AD}.Debug|Any CPU.Build.0 = Debug|Any CPU
		{3F8CC3DA-8D1D-43F3-8776-2946BED7E4AD}.Release|Any CPU.ActiveCfg = Release|Any CPU
		{3F8CC3DA-8D1D-43F3-8776-2946BED7E4AD}.Release|Any CPU.Build.0 = Release|Any CPU
		{860E5562-41DE-4927-8DC2-E06425851B89}.Debug|Any CPU.ActiveCfg = Debug|Any CPU
		{860E5562-41DE-4927-8DC2-E06425851B89}.Debug|Any CPU.Build.0 = Debug|Any CPU
		{860E5562-41DE-4927-8DC2-E06425851B89}.Release|Any CPU.ActiveCfg = Release|Any CPU
		{860E5562-41DE-4927-8DC2-E06425851B89}.Release|Any CPU.Build.0 = Release|Any CPU
		{A6B646E5-2475-468D-979C-32482CF98822}.Debug|Any CPU.ActiveCfg = Debug|Any CPU
		{A6B646E5-2475-468D-979C-32482CF98822}.Debug|Any CPU.Build.0 = Debug|Any CPU
		{A6B646E5-2475-468D-979C-32482CF98822}.Release|Any CPU.ActiveCfg = Release|Any CPU
		{A6B646E5-2475-468D-979C-32482CF98822}.Release|Any CPU.Build.0 = Release|Any CPU
		{9239D844-3DD6-4D22-856E-EFDC067DD6AC}.Debug|Any CPU.ActiveCfg = Debug|Any CPU
		{9239D844-3DD6-4D22-856E-EFDC067DD6AC}.Debug|Any CPU.Build.0 = Debug|Any CPU
		{9239D844-3DD6-4D22-856E-EFDC067DD6AC}.Release|Any CPU.ActiveCfg = Release|Any CPU
		{9239D844-3DD6-4D22-856E-EFDC067DD6AC}.Release|Any CPU.Build.0 = Release|Any CPU
		{C0B73860-7D5A-46C7-925F-B07C62F220AE}.Debug|Any CPU.ActiveCfg = Debug|Any CPU
		{C0B73860-7D5A-46C7-925F-B07C62F220AE}.Debug|Any CPU.Build.0 = Debug|Any CPU
		{C0B73860-7D5A-46C7-925F-B07C62F220AE}.Release|Any CPU.ActiveCfg = Release|Any CPU
		{C0B73860-7D5A-46C7-925F-B07C62F220AE}.Release|Any CPU.Build.0 = Release|Any CPU
		{97875EA2-DF9A-4F23-9204-43EA8C113F7D}.Debug|Any CPU.ActiveCfg = Debug|Any CPU
		{97875EA2-DF9A-4F23-9204-43EA8C113F7D}.Debug|Any CPU.Build.0 = Debug|Any CPU
		{97875EA2-DF9A-4F23-9204-43EA8C113F7D}.Release|Any CPU.ActiveCfg = Release|Any CPU
		{97875EA2-DF9A-4F23-9204-43EA8C113F7D}.Release|Any CPU.Build.0 = Release|Any CPU
		{C8F967AE-36BF-472E-ADDF-646DEED7EB26}.Debug|Any CPU.ActiveCfg = Debug|Any CPU
		{C8F967AE-36BF-472E-ADDF-646DEED7EB26}.Debug|Any CPU.Build.0 = Debug|Any CPU
		{C8F967AE-36BF-472E-ADDF-646DEED7EB26}.Release|Any CPU.ActiveCfg = Release|Any CPU
		{C8F967AE-36BF-472E-ADDF-646DEED7EB26}.Release|Any CPU.Build.0 = Release|Any CPU
		{12B48E7D-9185-4A1E-8857-F5EBF3789C8F}.Debug|Any CPU.ActiveCfg = Debug|Any CPU
		{12B48E7D-9185-4A1E-8857-F5EBF3789C8F}.Debug|Any CPU.Build.0 = Debug|Any CPU
		{12B48E7D-9185-4A1E-8857-F5EBF3789C8F}.Release|Any CPU.ActiveCfg = Release|Any CPU
		{12B48E7D-9185-4A1E-8857-F5EBF3789C8F}.Release|Any CPU.Build.0 = Release|Any CPU
		{3C6E4298-62E4-4496-A179-856DE4E03764}.Debug|Any CPU.ActiveCfg = Debug|Any CPU
		{3C6E4298-62E4-4496-A179-856DE4E03764}.Debug|Any CPU.Build.0 = Debug|Any CPU
		{3C6E4298-62E4-4496-A179-856DE4E03764}.Release|Any CPU.ActiveCfg = Release|Any CPU
		{3C6E4298-62E4-4496-A179-856DE4E03764}.Release|Any CPU.Build.0 = Release|Any CPU
		{9B06BA33-E048-44A9-80C8-3588F360AAA3}.Debug|Any CPU.ActiveCfg = Debug|Any CPU
		{9B06BA33-E048-44A9-80C8-3588F360AAA3}.Debug|Any CPU.Build.0 = Debug|Any CPU
		{9B06BA33-E048-44A9-80C8-3588F360AAA3}.Release|Any CPU.ActiveCfg = Release|Any CPU
		{9B06BA33-E048-44A9-80C8-3588F360AAA3}.Release|Any CPU.Build.0 = Release|Any CPU
		{5C14AFDB-078A-40CB-8723-BE508051FCEA}.Debug|Any CPU.ActiveCfg = Debug|Any CPU
		{5C14AFDB-078A-40CB-8723-BE508051FCEA}.Debug|Any CPU.Build.0 = Debug|Any CPU
		{5C14AFDB-078A-40CB-8723-BE508051FCEA}.Release|Any CPU.ActiveCfg = Release|Any CPU
		{5C14AFDB-078A-40CB-8723-BE508051FCEA}.Release|Any CPU.Build.0 = Release|Any CPU
		{7CB3C84A-A882-4953-8DB4-6276D0A852DA}.Debug|Any CPU.ActiveCfg = Debug|Any CPU
		{7CB3C84A-A882-4953-8DB4-6276D0A852DA}.Debug|Any CPU.Build.0 = Debug|Any CPU
		{7CB3C84A-A882-4953-8DB4-6276D0A852DA}.Release|Any CPU.ActiveCfg = Release|Any CPU
		{7CB3C84A-A882-4953-8DB4-6276D0A852DA}.Release|Any CPU.Build.0 = Release|Any CPU
		{312797B8-1443-4D4F-9CEB-9B2174914DF3}.Debug|Any CPU.ActiveCfg = Debug|Any CPU
		{312797B8-1443-4D4F-9CEB-9B2174914DF3}.Debug|Any CPU.Build.0 = Debug|Any CPU
		{312797B8-1443-4D4F-9CEB-9B2174914DF3}.Release|Any CPU.ActiveCfg = Release|Any CPU
		{312797B8-1443-4D4F-9CEB-9B2174914DF3}.Release|Any CPU.Build.0 = Release|Any CPU
		{277B5357-E763-436D-8ACA-EBE902833FF7}.Debug|Any CPU.ActiveCfg = Debug|Any CPU
		{277B5357-E763-436D-8ACA-EBE902833FF7}.Debug|Any CPU.Build.0 = Debug|Any CPU
		{277B5357-E763-436D-8ACA-EBE902833FF7}.Release|Any CPU.ActiveCfg = Release|Any CPU
		{277B5357-E763-436D-8ACA-EBE902833FF7}.Release|Any CPU.Build.0 = Release|Any CPU
		{D31F9D05-6EB8-4DD9-89C7-AEE2D3432B4B}.Debug|Any CPU.ActiveCfg = Debug|Any CPU
		{D31F9D05-6EB8-4DD9-89C7-AEE2D3432B4B}.Debug|Any CPU.Build.0 = Debug|Any CPU
		{D31F9D05-6EB8-4DD9-89C7-AEE2D3432B4B}.Release|Any CPU.ActiveCfg = Release|Any CPU
		{D31F9D05-6EB8-4DD9-89C7-AEE2D3432B4B}.Release|Any CPU.Build.0 = Release|Any CPU
	EndGlobalSection
	GlobalSection(SolutionProperties) = preSolution
		HideSolutionNode = FALSE
	EndGlobalSection
	GlobalSection(NestedProjects) = preSolution
		{0B64700C-A49B-40DA-9D4A-D3D2AFF465DB} = {941FED9D-151D-4CDC-8A80-21C620163F72}
		{CF7DB687-9C0C-4352-AE73-2056136EEA71} = {941FED9D-151D-4CDC-8A80-21C620163F72}
		{720FB511-B719-4E01-890D-D79BEECA4367} = {93B5275F-6870-4748-9441-08469320D35C}
		{C6719402-04AC-4B9F-BEBA-1ADE5AB36344} = {93B5275F-6870-4748-9441-08469320D35C}
		{9A3126B5-7AE1-4226-B83C-804065FF67BB} = {93B5275F-6870-4748-9441-08469320D35C}
		{F0F5FBC5-523B-485F-939A-048614D02921} = {93B5275F-6870-4748-9441-08469320D35C}
		{DFE4AB1B-D007-4DA9-8CCF-6724F00CFDB0} = {93B5275F-6870-4748-9441-08469320D35C}
		{0148E108-7073-41BF-B1C3-E7C67A374CA8} = {93B5275F-6870-4748-9441-08469320D35C}
		{8D573944-1814-42DB-BF4F-3BB93ECFC2D6} = {941FED9D-151D-4CDC-8A80-21C620163F72}
		{F633C786-B4EC-4D52-8DC5-73AF3BD50F48} = {941FED9D-151D-4CDC-8A80-21C620163F72}
		{44B10EB3-BAC4-40FD-9ADF-589F53B83E3C} = {93B5275F-6870-4748-9441-08469320D35C}
		{6D29CAC4-B0CD-437F-AFA3-A79BC13E18E9} = {93B5275F-6870-4748-9441-08469320D35C}
		{844FB668-E96C-4DCB-8863-EC4FC89CEFFC} = {941FED9D-151D-4CDC-8A80-21C620163F72}
		{B8A8E4C4-E379-4910-9772-BF70CC270A8C} = {941FED9D-151D-4CDC-8A80-21C620163F72}
		{9A713B85-5572-4D60-A078-CA430AA4947D} = {93B5275F-6870-4748-9441-08469320D35C}
		{AE3E0B61-B21E-471C-A2AD-322CC4FF9261} = {93B5275F-6870-4748-9441-08469320D35C}
		{2927DA1E-51DB-4449-AB4D-42702C129A83} = {93B5275F-6870-4748-9441-08469320D35C}
		{0466FAE4-020F-4F3C-BAE0-EB86E16B378D} = {93B5275F-6870-4748-9441-08469320D35C}
		{ACB9A1E9-B960-4BF1-B210-3050292D193A} = {93B5275F-6870-4748-9441-08469320D35C}
		{19968E62-C759-4A5B-85DC-0EFC67AE813F} = {93B5275F-6870-4748-9441-08469320D35C}
		{FDAFA009-5AEA-4042-A829-630BB1BF684D} = {941FED9D-151D-4CDC-8A80-21C620163F72}
		{02502735-43D3-49C7-BCAC-34C80975C2F2} = {93B5275F-6870-4748-9441-08469320D35C}
		{D646484C-A6E1-4F6F-9269-4D088380CBB3} = {93B5275F-6870-4748-9441-08469320D35C}
		{2D3C053D-A3BC-423B-8B38-3B46C8909800} = {93B5275F-6870-4748-9441-08469320D35C}
		{3F8CC3DA-8D1D-43F3-8776-2946BED7E4AD} = {93B5275F-6870-4748-9441-08469320D35C}
		{860E5562-41DE-4927-8DC2-E06425851B89} = {93B5275F-6870-4748-9441-08469320D35C}
		{A6B646E5-2475-468D-979C-32482CF98822} = {93B5275F-6870-4748-9441-08469320D35C}
		{9239D844-3DD6-4D22-856E-EFDC067DD6AC} = {941FED9D-151D-4CDC-8A80-21C620163F72}
		{C0B73860-7D5A-46C7-925F-B07C62F220AE} = {941FED9D-151D-4CDC-8A80-21C620163F72}
		{97875EA2-DF9A-4F23-9204-43EA8C113F7D} = {93B5275F-6870-4748-9441-08469320D35C}
		{C8F967AE-36BF-472E-ADDF-646DEED7EB26} = {93B5275F-6870-4748-9441-08469320D35C}
		{12B48E7D-9185-4A1E-8857-F5EBF3789C8F} = {93B5275F-6870-4748-9441-08469320D35C}
		{3C6E4298-62E4-4496-A179-856DE4E03764} = {93B5275F-6870-4748-9441-08469320D35C}
		{9B06BA33-E048-44A9-80C8-3588F360AAA3} = {93B5275F-6870-4748-9441-08469320D35C}
		{5C14AFDB-078A-40CB-8723-BE508051FCEA} = {93B5275F-6870-4748-9441-08469320D35C}
		{7CB3C84A-A882-4953-8DB4-6276D0A852DA} = {93B5275F-6870-4748-9441-08469320D35C}
		{312797B8-1443-4D4F-9CEB-9B2174914DF3} = {93B5275F-6870-4748-9441-08469320D35C}
		{277B5357-E763-436D-8ACA-EBE902833FF7} = {93B5275F-6870-4748-9441-08469320D35C}
		{D31F9D05-6EB8-4DD9-89C7-AEE2D3432B4B} = {93B5275F-6870-4748-9441-08469320D35C}
	EndGlobalSection
	GlobalSection(ExtensibilityGlobals) = postSolution
		SolutionGuid = {6B4223CB-2637-4509-BA0B-7663ED4092E2}
	EndGlobalSection
EndGlobal
