
Microsoft Visual Studio Solution File, Format Version 12.00
# Visual Studio Version 16
VisualStudioVersion = 16.0.29613.14
MinimumVisualStudioVersion = 10.0.40219.1
Project("{9A19103F-16F7-4668-BE54-9A1E7A4F7556}") = "Day_1", "Day_1\Day_1.csproj", "{0B64700C-A49B-40DA-9D4A-D3D2AFF465DB}"
EndProject
Project("{9A19103F-16F7-4668-BE54-9A1E7A4F7556}") = "Day_1_if", "Day_1_if\Day_1_if.csproj", "{CF7DB687-9C0C-4352-AE73-2056136EEA71}"
EndProject
Project("{2150E333-8FDC-42A3-9474-1A3956D46DE8}") = "MD", "MD", "{93B5275F-6870-4748-9441-08469320D35C}"
EndProject
Project("{9A19103F-16F7-4668-BE54-9A1E7A4F7556}") = "MD1.1", "MD1.1\MD1.1.csproj", "{720FB511-B719-4E01-890D-D79BEECA4367}"
EndProject
Project("{9A19103F-16F7-4668-BE54-9A1E7A4F7556}") = "MD1.2", "MD1.2\MD1.2.csproj", "{C6719402-04AC-4B9F-BEBA-1ADE5AB36344}"
EndProject
Project("{9A19103F-16F7-4668-BE54-9A1E7A4F7556}") = "MD1.3", "MD1.3\MD1.3.csproj", "{9A3126B5-7AE1-4226-B83C-804065FF67BB}"
EndProject
Project("{9A19103F-16F7-4668-BE54-9A1E7A4F7556}") = "MD1.4", "MD1.4\MD1.4.csproj", "{F0F5FBC5-523B-485F-939A-048614D02921}"
EndProject
Project("{9A19103F-16F7-4668-BE54-9A1E7A4F7556}") = "MD1.5", "MD1.5\MD1.5.csproj", "{DFE4AB1B-D007-4DA9-8CCF-6724F00CFDB0}"
EndProject
Project("{9A19103F-16F7-4668-BE54-9A1E7A4F7556}") = "MD1.6", "MD1.6\MD1.6.csproj", "{0148E108-7073-41BF-B1C3-E7C67A374CA8}"
EndProject
Project("{9A19103F-16F7-4668-BE54-9A1E7A4F7556}") = "Day2", "Day2\Day2.csproj", "{8D573944-1814-42DB-BF4F-3BB93ECFC2D6}"
EndProject
Project("{9A19103F-16F7-4668-BE54-9A1E7A4F7556}") = "Day2_enum", "Day2_enum\Day2_enum.csproj", "{F633C786-B4EC-4D52-8DC5-73AF3BD50F48}"
EndProject
Project("{9A19103F-16F7-4668-BE54-9A1E7A4F7556}") = "MD2.1", "MD2.1\MD2.1.csproj", "{44B10EB3-BAC4-40FD-9ADF-589F53B83E3C}"
EndProject
Project("{FAE04EC0-301F-11D3-BF4B-00C04F79EFBC}") = "MD2.2", "MD2.2\MD2.2.csproj", "{6D29CAC4-B0CD-437F-AFA3-A79BC13E18E9}"
EndProject
Project("{FAE04EC0-301F-11D3-BF4B-00C04F79EFBC}") = "day3_arrays", "day3_arrays\day3_arrays.csproj", "{844FB668-E96C-4DCB-8863-EC4FC89CEFFC}"
EndProject
Project("{FAE04EC0-301F-11D3-BF4B-00C04F79EFBC}") = "Day3_array_sum", "Day3_array_sum\Day3_array_sum.csproj", "{B8A8E4C4-E379-4910-9772-BF70CC270A8C}"
EndProject
Project("{FAE04EC0-301F-11D3-BF4B-00C04F79EFBC}") = "MD3.1", "MD3.1\MD3.1.csproj", "{9A713B85-5572-4D60-A078-CA430AA4947D}"
EndProject
Project("{FAE04EC0-301F-11D3-BF4B-00C04F79EFBC}") = "MD3.2", "MD3.2\MD3.2.csproj", "{AE3E0B61-B21E-471C-A2AD-322CC4FF9261}"
EndProject
Project("{FAE04EC0-301F-11D3-BF4B-00C04F79EFBC}") = "MD3.3", "MD3.3\MD3.3.csproj", "{2927DA1E-51DB-4449-AB4D-42702C129A83}"
EndProject
Project("{FAE04EC0-301F-11D3-BF4B-00C04F79EFBC}") = "MD3.4", "MD3.4\MD3.4.csproj", "{0466FAE4-020F-4F3C-BAE0-EB86E16B378D}"
EndProject
Global
	GlobalSection(SolutionConfigurationPlatforms) = preSolution
		Debug|Any CPU = Debug|Any CPU
		Release|Any CPU = Release|Any CPU
	EndGlobalSection
	GlobalSection(ProjectConfigurationPlatforms) = postSolution
		{0B64700C-A49B-40DA-9D4A-D3D2AFF465DB}.Debug|Any CPU.ActiveCfg = Debug|Any CPU
		{0B64700C-A49B-40DA-9D4A-D3D2AFF465DB}.Debug|Any CPU.Build.0 = Debug|Any CPU
		{0B64700C-A49B-40DA-9D4A-D3D2AFF465DB}.Release|Any CPU.ActiveCfg = Release|Any CPU
		{0B64700C-A49B-40DA-9D4A-D3D2AFF465DB}.Release|Any CPU.Build.0 = Release|Any CPU
		{CF7DB687-9C0C-4352-AE73-2056136EEA71}.Debug|Any CPU.ActiveCfg = Debug|Any CPU
		{CF7DB687-9C0C-4352-AE73-2056136EEA71}.Debug|Any CPU.Build.0 = Debug|Any CPU
		{CF7DB687-9C0C-4352-AE73-2056136EEA71}.Release|Any CPU.ActiveCfg = Release|Any CPU
		{CF7DB687-9C0C-4352-AE73-2056136EEA71}.Release|Any CPU.Build.0 = Release|Any CPU
		{720FB511-B719-4E01-890D-D79BEECA4367}.Debug|Any CPU.ActiveCfg = Debug|Any CPU
		{720FB511-B719-4E01-890D-D79BEECA4367}.Debug|Any CPU.Build.0 = Debug|Any CPU
		{720FB511-B719-4E01-890D-D79BEECA4367}.Release|Any CPU.ActiveCfg = Release|Any CPU
		{720FB511-B719-4E01-890D-D79BEECA4367}.Release|Any CPU.Build.0 = Release|Any CPU
		{C6719402-04AC-4B9F-BEBA-1ADE5AB36344}.Debug|Any CPU.ActiveCfg = Debug|Any CPU
		{C6719402-04AC-4B9F-BEBA-1ADE5AB36344}.Debug|Any CPU.Build.0 = Debug|Any CPU
		{C6719402-04AC-4B9F-BEBA-1ADE5AB36344}.Release|Any CPU.ActiveCfg = Release|Any CPU
		{C6719402-04AC-4B9F-BEBA-1ADE5AB36344}.Release|Any CPU.Build.0 = Release|Any CPU
		{9A3126B5-7AE1-4226-B83C-804065FF67BB}.Debug|Any CPU.ActiveCfg = Debug|Any CPU
		{9A3126B5-7AE1-4226-B83C-804065FF67BB}.Debug|Any CPU.Build.0 = Debug|Any CPU
		{9A3126B5-7AE1-4226-B83C-804065FF67BB}.Release|Any CPU.ActiveCfg = Release|Any CPU
		{9A3126B5-7AE1-4226-B83C-804065FF67BB}.Release|Any CPU.Build.0 = Release|Any CPU
		{F0F5FBC5-523B-485F-939A-048614D02921}.Debug|Any CPU.ActiveCfg = Debug|Any CPU
		{F0F5FBC5-523B-485F-939A-048614D02921}.Debug|Any CPU.Build.0 = Debug|Any CPU
		{F0F5FBC5-523B-485F-939A-048614D02921}.Release|Any CPU.ActiveCfg = Release|Any CPU
		{F0F5FBC5-523B-485F-939A-048614D02921}.Release|Any CPU.Build.0 = Release|Any CPU
		{DFE4AB1B-D007-4DA9-8CCF-6724F00CFDB0}.Debug|Any CPU.ActiveCfg = Debug|Any CPU
		{DFE4AB1B-D007-4DA9-8CCF-6724F00CFDB0}.Debug|Any CPU.Build.0 = Debug|Any CPU
		{DFE4AB1B-D007-4DA9-8CCF-6724F00CFDB0}.Release|Any CPU.ActiveCfg = Release|Any CPU
		{DFE4AB1B-D007-4DA9-8CCF-6724F00CFDB0}.Release|Any CPU.Build.0 = Release|Any CPU
		{0148E108-7073-41BF-B1C3-E7C67A374CA8}.Debug|Any CPU.ActiveCfg = Debug|Any CPU
		{0148E108-7073-41BF-B1C3-E7C67A374CA8}.Debug|Any CPU.Build.0 = Debug|Any CPU
		{0148E108-7073-41BF-B1C3-E7C67A374CA8}.Release|Any CPU.ActiveCfg = Release|Any CPU
		{0148E108-7073-41BF-B1C3-E7C67A374CA8}.Release|Any CPU.Build.0 = Release|Any CPU
		{8D573944-1814-42DB-BF4F-3BB93ECFC2D6}.Debug|Any CPU.ActiveCfg = Debug|Any CPU
		{8D573944-1814-42DB-BF4F-3BB93ECFC2D6}.Debug|Any CPU.Build.0 = Debug|Any CPU
		{8D573944-1814-42DB-BF4F-3BB93ECFC2D6}.Release|Any CPU.ActiveCfg = Release|Any CPU
		{8D573944-1814-42DB-BF4F-3BB93ECFC2D6}.Release|Any CPU.Build.0 = Release|Any CPU
		{F633C786-B4EC-4D52-8DC5-73AF3BD50F48}.Debug|Any CPU.ActiveCfg = Debug|Any CPU
		{F633C786-B4EC-4D52-8DC5-73AF3BD50F48}.Debug|Any CPU.Build.0 = Debug|Any CPU
		{F633C786-B4EC-4D52-8DC5-73AF3BD50F48}.Release|Any CPU.ActiveCfg = Release|Any CPU
		{F633C786-B4EC-4D52-8DC5-73AF3BD50F48}.Release|Any CPU.Build.0 = Release|Any CPU
		{44B10EB3-BAC4-40FD-9ADF-589F53B83E3C}.Debug|Any CPU.ActiveCfg = Debug|Any CPU
		{44B10EB3-BAC4-40FD-9ADF-589F53B83E3C}.Debug|Any CPU.Build.0 = Debug|Any CPU
		{44B10EB3-BAC4-40FD-9ADF-589F53B83E3C}.Release|Any CPU.ActiveCfg = Release|Any CPU
		{44B10EB3-BAC4-40FD-9ADF-589F53B83E3C}.Release|Any CPU.Build.0 = Release|Any CPU
		{6D29CAC4-B0CD-437F-AFA3-A79BC13E18E9}.Debug|Any CPU.ActiveCfg = Debug|Any CPU
		{6D29CAC4-B0CD-437F-AFA3-A79BC13E18E9}.Debug|Any CPU.Build.0 = Debug|Any CPU
		{6D29CAC4-B0CD-437F-AFA3-A79BC13E18E9}.Release|Any CPU.ActiveCfg = Release|Any CPU
		{6D29CAC4-B0CD-437F-AFA3-A79BC13E18E9}.Release|Any CPU.Build.0 = Release|Any CPU
		{844FB668-E96C-4DCB-8863-EC4FC89CEFFC}.Debug|Any CPU.ActiveCfg = Debug|Any CPU
		{844FB668-E96C-4DCB-8863-EC4FC89CEFFC}.Debug|Any CPU.Build.0 = Debug|Any CPU
		{844FB668-E96C-4DCB-8863-EC4FC89CEFFC}.Release|Any CPU.ActiveCfg = Release|Any CPU
		{844FB668-E96C-4DCB-8863-EC4FC89CEFFC}.Release|Any CPU.Build.0 = Release|Any CPU
		{B8A8E4C4-E379-4910-9772-BF70CC270A8C}.Debug|Any CPU.ActiveCfg = Debug|Any CPU
		{B8A8E4C4-E379-4910-9772-BF70CC270A8C}.Debug|Any CPU.Build.0 = Debug|Any CPU
		{B8A8E4C4-E379-4910-9772-BF70CC270A8C}.Release|Any CPU.ActiveCfg = Release|Any CPU
		{B8A8E4C4-E379-4910-9772-BF70CC270A8C}.Release|Any CPU.Build.0 = Release|Any CPU
		{9A713B85-5572-4D60-A078-CA430AA4947D}.Debug|Any CPU.ActiveCfg = Debug|Any CPU
		{9A713B85-5572-4D60-A078-CA430AA4947D}.Debug|Any CPU.Build.0 = Debug|Any CPU
		{9A713B85-5572-4D60-A078-CA430AA4947D}.Release|Any CPU.ActiveCfg = Release|Any CPU
		{9A713B85-5572-4D60-A078-CA430AA4947D}.Release|Any CPU.Build.0 = Release|Any CPU
		{AE3E0B61-B21E-471C-A2AD-322CC4FF9261}.Debug|Any CPU.ActiveCfg = Debug|Any CPU
		{AE3E0B61-B21E-471C-A2AD-322CC4FF9261}.Debug|Any CPU.Build.0 = Debug|Any CPU
		{AE3E0B61-B21E-471C-A2AD-322CC4FF9261}.Release|Any CPU.ActiveCfg = Release|Any CPU
		{AE3E0B61-B21E-471C-A2AD-322CC4FF9261}.Release|Any CPU.Build.0 = Release|Any CPU
		{2927DA1E-51DB-4449-AB4D-42702C129A83}.Debug|Any CPU.ActiveCfg = Debug|Any CPU
		{2927DA1E-51DB-4449-AB4D-42702C129A83}.Debug|Any CPU.Build.0 = Debug|Any CPU
		{2927DA1E-51DB-4449-AB4D-42702C129A83}.Release|Any CPU.ActiveCfg = Release|Any CPU
		{2927DA1E-51DB-4449-AB4D-42702C129A83}.Release|Any CPU.Build.0 = Release|Any CPU
		{0466FAE4-020F-4F3C-BAE0-EB86E16B378D}.Debug|Any CPU.ActiveCfg = Debug|Any CPU
		{0466FAE4-020F-4F3C-BAE0-EB86E16B378D}.Debug|Any CPU.Build.0 = Debug|Any CPU
		{0466FAE4-020F-4F3C-BAE0-EB86E16B378D}.Release|Any CPU.ActiveCfg = Release|Any CPU
		{0466FAE4-020F-4F3C-BAE0-EB86E16B378D}.Release|Any CPU.Build.0 = Release|Any CPU
	EndGlobalSection
	GlobalSection(SolutionProperties) = preSolution
		HideSolutionNode = FALSE
	EndGlobalSection
	GlobalSection(NestedProjects) = preSolution
		{720FB511-B719-4E01-890D-D79BEECA4367} = {93B5275F-6870-4748-9441-08469320D35C}
		{C6719402-04AC-4B9F-BEBA-1ADE5AB36344} = {93B5275F-6870-4748-9441-08469320D35C}
		{9A3126B5-7AE1-4226-B83C-804065FF67BB} = {93B5275F-6870-4748-9441-08469320D35C}
		{F0F5FBC5-523B-485F-939A-048614D02921} = {93B5275F-6870-4748-9441-08469320D35C}
		{DFE4AB1B-D007-4DA9-8CCF-6724F00CFDB0} = {93B5275F-6870-4748-9441-08469320D35C}
		{0148E108-7073-41BF-B1C3-E7C67A374CA8} = {93B5275F-6870-4748-9441-08469320D35C}
		{44B10EB3-BAC4-40FD-9ADF-589F53B83E3C} = {93B5275F-6870-4748-9441-08469320D35C}
		{6D29CAC4-B0CD-437F-AFA3-A79BC13E18E9} = {93B5275F-6870-4748-9441-08469320D35C}
		{9A713B85-5572-4D60-A078-CA430AA4947D} = {93B5275F-6870-4748-9441-08469320D35C}
		{AE3E0B61-B21E-471C-A2AD-322CC4FF9261} = {93B5275F-6870-4748-9441-08469320D35C}
		{2927DA1E-51DB-4449-AB4D-42702C129A83} = {93B5275F-6870-4748-9441-08469320D35C}
		{0466FAE4-020F-4F3C-BAE0-EB86E16B378D} = {93B5275F-6870-4748-9441-08469320D35C}
	EndGlobalSection
	GlobalSection(ExtensibilityGlobals) = postSolution
		SolutionGuid = {6B4223CB-2637-4509-BA0B-7663ED4092E2}
	EndGlobalSection
EndGlobal
