
Microsoft Visual Studio Solution File, Format Version 12.00
# Visual Studio Version 16
VisualStudioVersion = 16.0.29519.87
MinimumVisualStudioVersion = 10.0.40219.1
Project("{9A19103F-16F7-4668-BE54-9A1E7A4F7556}") = "D5_Arrays", "D5_Arrays\D5_Arrays.csproj", "{549CCF79-340B-4098-BB1F-9E2F58E6CAC3}"
EndProject
Project("{9A19103F-16F7-4668-BE54-9A1E7A4F7556}") = "Task2", "Task2\Task2.csproj", "{E5DB23A4-AD7F-49DF-B1D0-13535F33EBC6}"
EndProject
Project("{9A19103F-16F7-4668-BE54-9A1E7A4F7556}") = "Task3", "Task3\Task3.csproj", "{214ACC84-2E8E-4583-9931-60032BABFAD8}"
EndProject
Project("{FAE04EC0-301F-11D3-BF4B-00C04F79EFBC}") = "parant", "parant\parant.csproj", "{595C147B-E740-4E38-9EC0-45C8F1ADD7F8}"
EndProject
Global
	GlobalSection(SolutionConfigurationPlatforms) = preSolution
		Debug|Any CPU = Debug|Any CPU
		Release|Any CPU = Release|Any CPU
	EndGlobalSection
	GlobalSection(ProjectConfigurationPlatforms) = postSolution
		{549CCF79-340B-4098-BB1F-9E2F58E6CAC3}.Debug|Any CPU.ActiveCfg = Debug|Any CPU
		{549CCF79-340B-4098-BB1F-9E2F58E6CAC3}.Debug|Any CPU.Build.0 = Debug|Any CPU
		{549CCF79-340B-4098-BB1F-9E2F58E6CAC3}.Release|Any CPU.ActiveCfg = Release|Any CPU
		{549CCF79-340B-4098-BB1F-9E2F58E6CAC3}.Release|Any CPU.Build.0 = Release|Any CPU
		{E5DB23A4-AD7F-49DF-B1D0-13535F33EBC6}.Debug|Any CPU.ActiveCfg = Debug|Any CPU
		{E5DB23A4-AD7F-49DF-B1D0-13535F33EBC6}.Debug|Any CPU.Build.0 = Debug|Any CPU
		{E5DB23A4-AD7F-49DF-B1D0-13535F33EBC6}.Release|Any CPU.ActiveCfg = Release|Any CPU
		{E5DB23A4-AD7F-49DF-B1D0-13535F33EBC6}.Release|Any CPU.Build.0 = Release|Any CPU
		{214ACC84-2E8E-4583-9931-60032BABFAD8}.Debug|Any CPU.ActiveCfg = Debug|Any CPU
		{214ACC84-2E8E-4583-9931-60032BABFAD8}.Debug|Any CPU.Build.0 = Debug|Any CPU
		{214ACC84-2E8E-4583-9931-60032BABFAD8}.Release|Any CPU.ActiveCfg = Release|Any CPU
		{214ACC84-2E8E-4583-9931-60032BABFAD8}.Release|Any CPU.Build.0 = Release|Any CPU
		{595C147B-E740-4E38-9EC0-45C8F1ADD7F8}.Debug|Any CPU.ActiveCfg = Debug|Any CPU
		{595C147B-E740-4E38-9EC0-45C8F1ADD7F8}.Debug|Any CPU.Build.0 = Debug|Any CPU
		{595C147B-E740-4E38-9EC0-45C8F1ADD7F8}.Release|Any CPU.ActiveCfg = Release|Any CPU
		{595C147B-E740-4E38-9EC0-45C8F1ADD7F8}.Release|Any CPU.Build.0 = Release|Any CPU
	EndGlobalSection
	GlobalSection(SolutionProperties) = preSolution
		HideSolutionNode = FALSE
	EndGlobalSection
	GlobalSection(ExtensibilityGlobals) = postSolution
		SolutionGuid = {B91271AC-91A4-4C6F-AE81-F7CEB0BCB2DD}
	EndGlobalSection
EndGlobal
